
Microsoft Visual Studio Solution File, Format Version 12.00
# Visual Studio 15
VisualStudioVersion = 15.0.27130.2036
MinimumVisualStudioVersion = 10.0.40219.1
Project("{9A19103F-16F7-4668-BE54-9A1E7A4F7556}") = "TestHelper", "TestHelper\TestHelper.csproj", "{38A4C00E-4391-450D-A861-6BC96B6794D5}"
EndProject
Project("{9A19103F-16F7-4668-BE54-9A1E7A4F7556}") = "TestHelper.SmallTests", "TestHelper.SmallTests\TestHelper.SmallTests.csproj", "{1721AEDE-9F84-4876-A940-9653D50B6A95}"
EndProject
Project("{9A19103F-16F7-4668-BE54-9A1E7A4F7556}") = "TestHelper.Abstractions", "TestHelper.Abstractions\TestHelper.Abstractions.csproj", "{D392E8EF-7E0C-44C9-ACA0-515994987460}"
EndProject
Project("{9A19103F-16F7-4668-BE54-9A1E7A4F7556}") = "TestHelper.MediumTests", "TestHelper.MediumTests\TestHelper.MediumTests.csproj", "{772D3DC1-6C33-45C4-9B36-6168FC7AFF3C}"
EndProject
Project("{9A19103F-16F7-4668-BE54-9A1E7A4F7556}") = "TestHelper.MediumTests.TestHelperSupportExample", "TestHelper.MediumTests.TestHelperSupportExample\TestHelper.MediumTests.TestHelperSupportExample.csproj", "{EDA42A2A-FC65-4DE1-8A27-B164D34740E2}"
EndProject
Project("{9A19103F-16F7-4668-BE54-9A1E7A4F7556}") = "TestHelper.MediumTests.CustomTypes", "TestHelper.MediumTests.CustomTypes\TestHelper.MediumTests.CustomTypes.csproj", "{03E1EB63-07C4-4212-AAC5-97DF78DBAC59}"
EndProject
Project("{2150E333-8FDC-42A3-9474-1A3956D46DE8}") = "Solution Items", "Solution Items", "{61F5CEB4-E5D8-4DCB-831C-10FD252D5D1C}"
	ProjectSection(SolutionItems) = preProject
		..\README.md = ..\README.md
	EndProjectSection
EndProject
Global
	GlobalSection(SolutionConfigurationPlatforms) = preSolution
		Debug|Any CPU = Debug|Any CPU
		Release|Any CPU = Release|Any CPU
	EndGlobalSection
	GlobalSection(ProjectConfigurationPlatforms) = postSolution
		{38A4C00E-4391-450D-A861-6BC96B6794D5}.Debug|Any CPU.ActiveCfg = Debug|Any CPU
		{38A4C00E-4391-450D-A861-6BC96B6794D5}.Debug|Any CPU.Build.0 = Debug|Any CPU
		{38A4C00E-4391-450D-A861-6BC96B6794D5}.Release|Any CPU.ActiveCfg = Release|Any CPU
		{38A4C00E-4391-450D-A861-6BC96B6794D5}.Release|Any CPU.Build.0 = Release|Any CPU
		{1721AEDE-9F84-4876-A940-9653D50B6A95}.Debug|Any CPU.ActiveCfg = Debug|Any CPU
		{1721AEDE-9F84-4876-A940-9653D50B6A95}.Debug|Any CPU.Build.0 = Debug|Any CPU
		{1721AEDE-9F84-4876-A940-9653D50B6A95}.Release|Any CPU.ActiveCfg = Release|Any CPU
		{1721AEDE-9F84-4876-A940-9653D50B6A95}.Release|Any CPU.Build.0 = Release|Any CPU
		{D392E8EF-7E0C-44C9-ACA0-515994987460}.Debug|Any CPU.ActiveCfg = Debug|Any CPU
		{D392E8EF-7E0C-44C9-ACA0-515994987460}.Debug|Any CPU.Build.0 = Debug|Any CPU
		{D392E8EF-7E0C-44C9-ACA0-515994987460}.Release|Any CPU.ActiveCfg = Release|Any CPU
		{D392E8EF-7E0C-44C9-ACA0-515994987460}.Release|Any CPU.Build.0 = Release|Any CPU
		{772D3DC1-6C33-45C4-9B36-6168FC7AFF3C}.Debug|Any CPU.ActiveCfg = Debug|Any CPU
		{772D3DC1-6C33-45C4-9B36-6168FC7AFF3C}.Debug|Any CPU.Build.0 = Debug|Any CPU
		{772D3DC1-6C33-45C4-9B36-6168FC7AFF3C}.Release|Any CPU.ActiveCfg = Release|Any CPU
		{772D3DC1-6C33-45C4-9B36-6168FC7AFF3C}.Release|Any CPU.Build.0 = Release|Any CPU
		{EDA42A2A-FC65-4DE1-8A27-B164D34740E2}.Debug|Any CPU.ActiveCfg = Debug|Any CPU
		{EDA42A2A-FC65-4DE1-8A27-B164D34740E2}.Debug|Any CPU.Build.0 = Debug|Any CPU
		{EDA42A2A-FC65-4DE1-8A27-B164D34740E2}.Release|Any CPU.ActiveCfg = Release|Any CPU
		{EDA42A2A-FC65-4DE1-8A27-B164D34740E2}.Release|Any CPU.Build.0 = Release|Any CPU
		{03E1EB63-07C4-4212-AAC5-97DF78DBAC59}.Debug|Any CPU.ActiveCfg = Debug|Any CPU
		{03E1EB63-07C4-4212-AAC5-97DF78DBAC59}.Debug|Any CPU.Build.0 = Debug|Any CPU
		{03E1EB63-07C4-4212-AAC5-97DF78DBAC59}.Release|Any CPU.ActiveCfg = Release|Any CPU
		{03E1EB63-07C4-4212-AAC5-97DF78DBAC59}.Release|Any CPU.Build.0 = Release|Any CPU
	EndGlobalSection
	GlobalSection(SolutionProperties) = preSolution
		HideSolutionNode = FALSE
	EndGlobalSection
	GlobalSection(ExtensibilityGlobals) = postSolution
		SolutionGuid = {22229220-5CF6-420C-B350-9D97AB82C1FC}
	EndGlobalSection
EndGlobal
